// !$*UTF8*$!
{
	archiveVersion = 1;
	classes = {
	};
	objectVersion = 55;
	objects = {

/* Begin PBXBuildFile section */
		37DFAC4727EA56FC003C4D5E /* AppDelegate.swift in Sources */ = {isa = PBXBuildFile; fileRef = 37DFAC4627EA56FC003C4D5E /* AppDelegate.swift */; };
		37DFAC4927EA56FC003C4D5E /* SceneDelegate.swift in Sources */ = {isa = PBXBuildFile; fileRef = 37DFAC4827EA56FC003C4D5E /* SceneDelegate.swift */; };
		37DFAC4B27EA56FC003C4D5E /* ViewController.swift in Sources */ = {isa = PBXBuildFile; fileRef = 37DFAC4A27EA56FC003C4D5E /* ViewController.swift */; };
		37DFAC4E27EA56FC003C4D5E /* Main.storyboard in Resources */ = {isa = PBXBuildFile; fileRef = 37DFAC4C27EA56FC003C4D5E /* Main.storyboard */; };
		37DFAC5027EA56FD003C4D5E /* Assets.xcassets in Resources */ = {isa = PBXBuildFile; fileRef = 37DFAC4F27EA56FD003C4D5E /* Assets.xcassets */; };
		37DFAC5327EA56FD003C4D5E /* LaunchScreen.storyboard in Resources */ = {isa = PBXBuildFile; fileRef = 37DFAC5127EA56FD003C4D5E /* LaunchScreen.storyboard */; };
		37DFAC5E27EA56FD003C4D5E /* DiscountMultiVCTests.swift in Sources */ = {isa = PBXBuildFile; fileRef = 37DFAC5D27EA56FD003C4D5E /* DiscountMultiVCTests.swift */; };
		37DFAC6827EA56FD003C4D5E /* DiscountMultiVCUITests.swift in Sources */ = {isa = PBXBuildFile; fileRef = 37DFAC6727EA56FD003C4D5E /* DiscountMultiVCUITests.swift */; };
		37DFAC6A27EA56FD003C4D5E /* DiscountMultiVCUITestsLaunchTests.swift in Sources */ = {isa = PBXBuildFile; fileRef = 37DFAC6927EA56FD003C4D5E /* DiscountMultiVCUITestsLaunchTests.swift */; };
		37DFAC7727EA5A08003C4D5E /* ResultViewController.swift in Sources */ = {isa = PBXBuildFile; fileRef = 37DFAC7627EA5A08003C4D5E /* ResultViewController.swift */; };
/* End PBXBuildFile section */

/* Begin PBXContainerItemProxy section */
		37DFAC5A27EA56FD003C4D5E /* PBXContainerItemProxy */ = {
			isa = PBXContainerItemProxy;
			containerPortal = 37DFAC3B27EA56FC003C4D5E /* Project object */;
			proxyType = 1;
			remoteGlobalIDString = 37DFAC4227EA56FC003C4D5E;
			remoteInfo = DiscountMultiVC;
		};
		37DFAC6427EA56FD003C4D5E /* PBXContainerItemProxy */ = {
			isa = PBXContainerItemProxy;
			containerPortal = 37DFAC3B27EA56FC003C4D5E /* Project object */;
			proxyType = 1;
			remoteGlobalIDString = 37DFAC4227EA56FC003C4D5E;
			remoteInfo = DiscountMultiVC;
		};
/* End PBXContainerItemProxy section */

/* Begin PBXFileReference section */
		37DFAC4327EA56FC003C4D5E /* DiscountMultiVC.app */ = {isa = PBXFileReference; explicitFileType = wrapper.application; includeInIndex = 0; path = DiscountMultiVC.app; sourceTree = BUILT_PRODUCTS_DIR; };
		37DFAC4627EA56FC003C4D5E /* AppDelegate.swift */ = {isa = PBXFileReference; lastKnownFileType = sourcecode.swift; path = AppDelegate.swift; sourceTree = "<group>"; };
		37DFAC4827EA56FC003C4D5E /* SceneDelegate.swift */ = {isa = PBXFileReference; lastKnownFileType = sourcecode.swift; path = SceneDelegate.swift; sourceTree = "<group>"; };
		37DFAC4A27EA56FC003C4D5E /* ViewController.swift */ = {isa = PBXFileReference; lastKnownFileType = sourcecode.swift; path = ViewController.swift; sourceTree = "<group>"; };
		37DFAC4D27EA56FC003C4D5E /* Base */ = {isa = PBXFileReference; lastKnownFileType = file.storyboard; name = Base; path = Base.lproj/Main.storyboard; sourceTree = "<group>"; };
		37DFAC4F27EA56FD003C4D5E /* Assets.xcassets */ = {isa = PBXFileReference; lastKnownFileType = folder.assetcatalog; path = Assets.xcassets; sourceTree = "<group>"; };
		37DFAC5227EA56FD003C4D5E /* Base */ = {isa = PBXFileReference; lastKnownFileType = file.storyboard; name = Base; path = Base.lproj/LaunchScreen.storyboard; sourceTree = "<group>"; };
		37DFAC5427EA56FD003C4D5E /* Info.plist */ = {isa = PBXFileReference; lastKnownFileType = text.plist.xml; path = Info.plist; sourceTree = "<group>"; };
		37DFAC5927EA56FD003C4D5E /* DiscountMultiVCTests.xctest */ = {isa = PBXFileReference; explicitFileType = wrapper.cfbundle; includeInIndex = 0; path = DiscountMultiVCTests.xctest; sourceTree = BUILT_PRODUCTS_DIR; };
		37DFAC5D27EA56FD003C4D5E /* DiscountMultiVCTests.swift */ = {isa = PBXFileReference; lastKnownFileType = sourcecode.swift; path = DiscountMultiVCTests.swift; sourceTree = "<group>"; };
		37DFAC6327EA56FD003C4D5E /* DiscountMultiVCUITests.xctest */ = {isa = PBXFileReference; explicitFileType = wrapper.cfbundle; includeInIndex = 0; path = DiscountMultiVCUITests.xctest; sourceTree = BUILT_PRODUCTS_DIR; };
		37DFAC6727EA56FD003C4D5E /* DiscountMultiVCUITests.swift */ = {isa = PBXFileReference; lastKnownFileType = sourcecode.swift; path = DiscountMultiVCUITests.swift; sourceTree = "<group>"; };
		37DFAC6927EA56FD003C4D5E /* DiscountMultiVCUITestsLaunchTests.swift */ = {isa = PBXFileReference; lastKnownFileType = sourcecode.swift; path = DiscountMultiVCUITestsLaunchTests.swift; sourceTree = "<group>"; };
		37DFAC7627EA5A08003C4D5E /* ResultViewController.swift */ = {isa = PBXFileReference; lastKnownFileType = sourcecode.swift; path = ResultViewController.swift; sourceTree = "<group>"; };
/* End PBXFileReference section */

/* Begin PBXFrameworksBuildPhase section */
		37DFAC4027EA56FC003C4D5E /* Frameworks */ = {
			isa = PBXFrameworksBuildPhase;
			buildActionMask = 2147483647;
			files = (
			);
			runOnlyForDeploymentPostprocessing = 0;
		};
		37DFAC5627EA56FD003C4D5E /* Frameworks */ = {
			isa = PBXFrameworksBuildPhase;
			buildActionMask = 2147483647;
			files = (
			);
			runOnlyForDeploymentPostprocessing = 0;
		};
		37DFAC6027EA56FD003C4D5E /* Frameworks */ = {
			isa = PBXFrameworksBuildPhase;
			buildActionMask = 2147483647;
			files = (
			);
			runOnlyForDeploymentPostprocessing = 0;
		};
/* End PBXFrameworksBuildPhase section */

/* Begin PBXGroup section */
		37DFAC3A27EA56FC003C4D5E = {
			isa = PBXGroup;
			children = (
				37DFAC4527EA56FC003C4D5E /* DiscountMultiVC */,
				37DFAC5C27EA56FD003C4D5E /* DiscountMultiVCTests */,
				37DFAC6627EA56FD003C4D5E /* DiscountMultiVCUITests */,
				37DFAC4427EA56FC003C4D5E /* Products */,
			);
			sourceTree = "<group>";
		};
		37DFAC4427EA56FC003C4D5E /* Products */ = {
			isa = PBXGroup;
			children = (
				37DFAC4327EA56FC003C4D5E /* DiscountMultiVC.app */,
				37DFAC5927EA56FD003C4D5E /* DiscountMultiVCTests.xctest */,
				37DFAC6327EA56FD003C4D5E /* DiscountMultiVCUITests.xctest */,
			);
			name = Products;
			sourceTree = "<group>";
		};
		37DFAC4527EA56FC003C4D5E /* DiscountMultiVC */ = {
			isa = PBXGroup;
			children = (
				37DFAC4627EA56FC003C4D5E /* AppDelegate.swift */,
				37DFAC4827EA56FC003C4D5E /* SceneDelegate.swift */,
				37DFAC4A27EA56FC003C4D5E /* ViewController.swift */,
				37DFAC4C27EA56FC003C4D5E /* Main.storyboard */,
				37DFAC4F27EA56FD003C4D5E /* Assets.xcassets */,
				37DFAC5127EA56FD003C4D5E /* LaunchScreen.storyboard */,
				37DFAC5427EA56FD003C4D5E /* Info.plist */,
				37DFAC7627EA5A08003C4D5E /* ResultViewController.swift */,
			);
			path = DiscountMultiVC;
			sourceTree = "<group>";
		};
		37DFAC5C27EA56FD003C4D5E /* DiscountMultiVCTests */ = {
			isa = PBXGroup;
			children = (
				37DFAC5D27EA56FD003C4D5E /* DiscountMultiVCTests.swift */,
			);
			path = DiscountMultiVCTests;
			sourceTree = "<group>";
		};
		37DFAC6627EA56FD003C4D5E /* DiscountMultiVCUITests */ = {
			isa = PBXGroup;
			children = (
				37DFAC6727EA56FD003C4D5E /* DiscountMultiVCUITests.swift */,
				37DFAC6927EA56FD003C4D5E /* DiscountMultiVCUITestsLaunchTests.swift */,
			);
			path = DiscountMultiVCUITests;
			sourceTree = "<group>";
		};
/* End PBXGroup section */

/* Begin PBXNativeTarget section */
		37DFAC4227EA56FC003C4D5E /* DiscountMultiVC */ = {
			isa = PBXNativeTarget;
			buildConfigurationList = 37DFAC6D27EA56FD003C4D5E /* Build configuration list for PBXNativeTarget "DiscountMultiVC" */;
			buildPhases = (
				37DFAC3F27EA56FC003C4D5E /* Sources */,
				37DFAC4027EA56FC003C4D5E /* Frameworks */,
				37DFAC4127EA56FC003C4D5E /* Resources */,
			);
			buildRules = (
			);
			dependencies = (
			);
			name = DiscountMultiVC;
			productName = DiscountMultiVC;
			productReference = 37DFAC4327EA56FC003C4D5E /* DiscountMultiVC.app */;
			productType = "com.apple.product-type.application";
		};
		37DFAC5827EA56FD003C4D5E /* DiscountMultiVCTests */ = {
			isa = PBXNativeTarget;
			buildConfigurationList = 37DFAC7027EA56FD003C4D5E /* Build configuration list for PBXNativeTarget "DiscountMultiVCTests" */;
			buildPhases = (
				37DFAC5527EA56FD003C4D5E /* Sources */,
				37DFAC5627EA56FD003C4D5E /* Frameworks */,
				37DFAC5727EA56FD003C4D5E /* Resources */,
			);
			buildRules = (
			);
			dependencies = (
				37DFAC5B27EA56FD003C4D5E /* PBXTargetDependency */,
			);
			name = DiscountMultiVCTests;
			productName = DiscountMultiVCTests;
			productReference = 37DFAC5927EA56FD003C4D5E /* DiscountMultiVCTests.xctest */;
			productType = "com.apple.product-type.bundle.unit-test";
		};
		37DFAC6227EA56FD003C4D5E /* DiscountMultiVCUITests */ = {
			isa = PBXNativeTarget;
			buildConfigurationList = 37DFAC7327EA56FD003C4D5E /* Build configuration list for PBXNativeTarget "DiscountMultiVCUITests" */;
			buildPhases = (
				37DFAC5F27EA56FD003C4D5E /* Sources */,
				37DFAC6027EA56FD003C4D5E /* Frameworks */,
				37DFAC6127EA56FD003C4D5E /* Resources */,
			);
			buildRules = (
			);
			dependencies = (
				37DFAC6527EA56FD003C4D5E /* PBXTargetDependency */,
			);
			name = DiscountMultiVCUITests;
			productName = DiscountMultiVCUITests;
			productReference = 37DFAC6327EA56FD003C4D5E /* DiscountMultiVCUITests.xctest */;
			productType = "com.apple.product-type.bundle.ui-testing";
		};
/* End PBXNativeTarget section */

/* Begin PBXProject section */
		37DFAC3B27EA56FC003C4D5E /* Project object */ = {
			isa = PBXProject;
			attributes = {
				BuildIndependentTargetsInParallel = 1;
				LastSwiftUpdateCheck = 1320;
				LastUpgradeCheck = 1320;
				TargetAttributes = {
					37DFAC4227EA56FC003C4D5E = {
						CreatedOnToolsVersion = 13.2.1;
					};
					37DFAC5827EA56FD003C4D5E = {
						CreatedOnToolsVersion = 13.2.1;
						TestTargetID = 37DFAC4227EA56FC003C4D5E;
					};
					37DFAC6227EA56FD003C4D5E = {
						CreatedOnToolsVersion = 13.2.1;
						TestTargetID = 37DFAC4227EA56FC003C4D5E;
					};
				};
			};
			buildConfigurationList = 37DFAC3E27EA56FC003C4D5E /* Build configuration list for PBXProject "DiscountMultiVC" */;
			compatibilityVersion = "Xcode 13.0";
			developmentRegion = en;
			hasScannedForEncodings = 0;
			knownRegions = (
				en,
				Base,
			);
			mainGroup = 37DFAC3A27EA56FC003C4D5E;
			productRefGroup = 37DFAC4427EA56FC003C4D5E /* Products */;
			projectDirPath = "";
			projectRoot = "";
			targets = (
				37DFAC4227EA56FC003C4D5E /* DiscountMultiVC */,
				37DFAC5827EA56FD003C4D5E /* DiscountMultiVCTests */,
				37DFAC6227EA56FD003C4D5E /* DiscountMultiVCUITests */,
			);
		};
/* End PBXProject section */

/* Begin PBXResourcesBuildPhase section */
		37DFAC4127EA56FC003C4D5E /* Resources */ = {
			isa = PBXResourcesBuildPhase;
			buildActionMask = 2147483647;
			files = (
				37DFAC5327EA56FD003C4D5E /* LaunchScreen.storyboard in Resources */,
				37DFAC5027EA56FD003C4D5E /* Assets.xcassets in Resources */,
				37DFAC4E27EA56FC003C4D5E /* Main.storyboard in Resources */,
			);
			runOnlyForDeploymentPostprocessing = 0;
		};
		37DFAC5727EA56FD003C4D5E /* Resources */ = {
			isa = PBXResourcesBuildPhase;
			buildActionMask = 2147483647;
			files = (
			);
			runOnlyForDeploymentPostprocessing = 0;
		};
		37DFAC6127EA56FD003C4D5E /* Resources */ = {
			isa = PBXResourcesBuildPhase;
			buildActionMask = 2147483647;
			files = (
			);
			runOnlyForDeploymentPostprocessing = 0;
		};
/* End PBXResourcesBuildPhase section */

/* Begin PBXSourcesBuildPhase section */
		37DFAC3F27EA56FC003C4D5E /* Sources */ = {
			isa = PBXSourcesBuildPhase;
			buildActionMask = 2147483647;
			files = (
				37DFAC4B27EA56FC003C4D5E /* ViewController.swift in Sources */,
				37DFAC4727EA56FC003C4D5E /* AppDelegate.swift in Sources */,
				37DFAC4927EA56FC003C4D5E /* SceneDelegate.swift in Sources */,
				37DFAC7727EA5A08003C4D5E /* ResultViewController.swift in Sources */,
			);
			runOnlyForDeploymentPostprocessing = 0;
		};
		37DFAC5527EA56FD003C4D5E /* Sources */ = {
			isa = PBXSourcesBuildPhase;
			buildActionMask = 2147483647;
			files = (
				37DFAC5E27EA56FD003C4D5E /* DiscountMultiVCTests.swift in Sources */,
			);
			runOnlyForDeploymentPostprocessing = 0;
		};
		37DFAC5F27EA56FD003C4D5E /* Sources */ = {
			isa = PBXSourcesBuildPhase;
			buildActionMask = 2147483647;
			files = (
				37DFAC6A27EA56FD003C4D5E /* DiscountMultiVCUITestsLaunchTests.swift in Sources */,
				37DFAC6827EA56FD003C4D5E /* DiscountMultiVCUITests.swift in Sources */,
			);
			runOnlyForDeploymentPostprocessing = 0;
		};
/* End PBXSourcesBuildPhase section */

/* Begin PBXTargetDependency section */
		37DFAC5B27EA56FD003C4D5E /* PBXTargetDependency */ = {
			isa = PBXTargetDependency;
			target = 37DFAC4227EA56FC003C4D5E /* DiscountMultiVC */;
			targetProxy = 37DFAC5A27EA56FD003C4D5E /* PBXContainerItemProxy */;
		};
		37DFAC6527EA56FD003C4D5E /* PBXTargetDependency */ = {
			isa = PBXTargetDependency;
			target = 37DFAC4227EA56FC003C4D5E /* DiscountMultiVC */;
			targetProxy = 37DFAC6427EA56FD003C4D5E /* PBXContainerItemProxy */;
		};
/* End PBXTargetDependency section */

/* Begin PBXVariantGroup section */
		37DFAC4C27EA56FC003C4D5E /* Main.storyboard */ = {
			isa = PBXVariantGroup;
			children = (
				37DFAC4D27EA56FC003C4D5E /* Base */,
			);
			name = Main.storyboard;
			sourceTree = "<group>";
		};
		37DFAC5127EA56FD003C4D5E /* LaunchScreen.storyboard */ = {
			isa = PBXVariantGroup;
			children = (
				37DFAC5227EA56FD003C4D5E /* Base */,
			);
			name = LaunchScreen.storyboard;
			sourceTree = "<group>";
		};
/* End PBXVariantGroup section */

/* Begin XCBuildConfiguration section */
		37DFAC6B27EA56FD003C4D5E /* Debug */ = {
			isa = XCBuildConfiguration;
			buildSettings = {
				ALWAYS_SEARCH_USER_PATHS = NO;
				CLANG_ANALYZER_NONNULL = YES;
				CLANG_ANALYZER_NUMBER_OBJECT_CONVERSION = YES_AGGRESSIVE;
				CLANG_CXX_LANGUAGE_STANDARD = "gnu++17";
				CLANG_CXX_LIBRARY = "libc++";
				CLANG_ENABLE_MODULES = YES;
				CLANG_ENABLE_OBJC_ARC = YES;
				CLANG_ENABLE_OBJC_WEAK = YES;
				CLANG_WARN_BLOCK_CAPTURE_AUTORELEASING = YES;
				CLANG_WARN_BOOL_CONVERSION = YES;
				CLANG_WARN_COMMA = YES;
				CLANG_WARN_CONSTANT_CONVERSION = YES;
				CLANG_WARN_DEPRECATED_OBJC_IMPLEMENTATIONS = YES;
				CLANG_WARN_DIRECT_OBJC_ISA_USAGE = YES_ERROR;
				CLANG_WARN_DOCUMENTATION_COMMENTS = YES;
				CLANG_WARN_EMPTY_BODY = YES;
				CLANG_WARN_ENUM_CONVERSION = YES;
				CLANG_WARN_INFINITE_RECURSION = YES;
				CLANG_WARN_INT_CONVERSION = YES;
				CLANG_WARN_NON_LITERAL_NULL_CONVERSION = YES;
				CLANG_WARN_OBJC_IMPLICIT_RETAIN_SELF = YES;
				CLANG_WARN_OBJC_LITERAL_CONVERSION = YES;
				CLANG_WARN_OBJC_ROOT_CLASS = YES_ERROR;
				CLANG_WARN_QUOTED_INCLUDE_IN_FRAMEWORK_HEADER = YES;
				CLANG_WARN_RANGE_LOOP_ANALYSIS = YES;
				CLANG_WARN_STRICT_PROTOTYPES = YES;
				CLANG_WARN_SUSPICIOUS_MOVE = YES;
				CLANG_WARN_UNGUARDED_AVAILABILITY = YES_AGGRESSIVE;
				CLANG_WARN_UNREACHABLE_CODE = YES;
				CLANG_WARN__DUPLICATE_METHOD_MATCH = YES;
				COPY_PHASE_STRIP = NO;
				DEBUG_INFORMATION_FORMAT = dwarf;
				ENABLE_STRICT_OBJC_MSGSEND = YES;
				ENABLE_TESTABILITY = YES;
				GCC_C_LANGUAGE_STANDARD = gnu11;
				GCC_DYNAMIC_NO_PIC = NO;
				GCC_NO_COMMON_BLOCKS = YES;
				GCC_OPTIMIZATION_LEVEL = 0;
				GCC_PREPROCESSOR_DEFINITIONS = (
					"DEBUG=1",
					"$(inherited)",
				);
				GCC_WARN_64_TO_32_BIT_CONVERSION = YES;
				GCC_WARN_ABOUT_RETURN_TYPE = YES_ERROR;
				GCC_WARN_UNDECLARED_SELECTOR = YES;
				GCC_WARN_UNINITIALIZED_AUTOS = YES_AGGRESSIVE;
				GCC_WARN_UNUSED_FUNCTION = YES;
				GCC_WARN_UNUSED_VARIABLE = YES;
				IPHONEOS_DEPLOYMENT_TARGET = 15.2;
				MTL_ENABLE_DEBUG_INFO = INCLUDE_SOURCE;
				MTL_FAST_MATH = YES;
				ONLY_ACTIVE_ARCH = YES;
				SDKROOT = iphoneos;
				SWIFT_ACTIVE_COMPILATION_CONDITIONS = DEBUG;
				SWIFT_OPTIMIZATION_LEVEL = "-Onone";
			};
			name = Debug;
		};
		37DFAC6C27EA56FD003C4D5E /* Release */ = {
			isa = XCBuildConfiguration;
			buildSettings = {
				ALWAYS_SEARCH_USER_PATHS = NO;
				CLANG_ANALYZER_NONNULL = YES;
				CLANG_ANALYZER_NUMBER_OBJECT_CONVERSION = YES_AGGRESSIVE;
				CLANG_CXX_LANGUAGE_STANDARD = "gnu++17";
				CLANG_CXX_LIBRARY = "libc++";
				CLANG_ENABLE_MODULES = YES;
				CLANG_ENABLE_OBJC_ARC = YES;
				CLANG_ENABLE_OBJC_WEAK = YES;
				CLANG_WARN_BLOCK_CAPTURE_AUTORELEASING = YES;
				CLANG_WARN_BOOL_CONVERSION = YES;
				CLANG_WARN_COMMA = YES;
				CLANG_WARN_CONSTANT_CONVERSION = YES;
				CLANG_WARN_DEPRECATED_OBJC_IMPLEMENTATIONS = YES;
				CLANG_WARN_DIRECT_OBJC_ISA_USAGE = YES_ERROR;
				CLANG_WARN_DOCUMENTATION_COMMENTS = YES;
				CLANG_WARN_EMPTY_BODY = YES;
				CLANG_WARN_ENUM_CONVERSION = YES;
				CLANG_WARN_INFINITE_RECURSION = YES;
				CLANG_WARN_INT_CONVERSION = YES;
				CLANG_WARN_NON_LITERAL_NULL_CONVERSION = YES;
				CLANG_WARN_OBJC_IMPLICIT_RETAIN_SELF = YES;
				CLANG_WARN_OBJC_LITERAL_CONVERSION = YES;
				CLANG_WARN_OBJC_ROOT_CLASS = YES_ERROR;
				CLANG_WARN_QUOTED_INCLUDE_IN_FRAMEWORK_HEADER = YES;
				CLANG_WARN_RANGE_LOOP_ANALYSIS = YES;
				CLANG_WARN_STRICT_PROTOTYPES = YES;
				CLANG_WARN_SUSPICIOUS_MOVE = YES;
				CLANG_WARN_UNGUARDED_AVAILABILITY = YES_AGGRESSIVE;
				CLANG_WARN_UNREACHABLE_CODE = YES;
				CLANG_WARN__DUPLICATE_METHOD_MATCH = YES;
				COPY_PHASE_STRIP = NO;
				DEBUG_INFORMATION_FORMAT = "dwarf-with-dsym";
				ENABLE_NS_ASSERTIONS = NO;
				ENABLE_STRICT_OBJC_MSGSEND = YES;
				GCC_C_LANGUAGE_STANDARD = gnu11;
				GCC_NO_COMMON_BLOCKS = YES;
				GCC_WARN_64_TO_32_BIT_CONVERSION = YES;
				GCC_WARN_ABOUT_RETURN_TYPE = YES_ERROR;
				GCC_WARN_UNDECLARED_SELECTOR = YES;
				GCC_WARN_UNINITIALIZED_AUTOS = YES_AGGRESSIVE;
				GCC_WARN_UNUSED_FUNCTION = YES;
				GCC_WARN_UNUSED_VARIABLE = YES;
				IPHONEOS_DEPLOYMENT_TARGET = 15.2;
				MTL_ENABLE_DEBUG_INFO = NO;
				MTL_FAST_MATH = YES;
				SDKROOT = iphoneos;
				SWIFT_COMPILATION_MODE = wholemodule;
				SWIFT_OPTIMIZATION_LEVEL = "-O";
				VALIDATE_PRODUCT = YES;
			};
			name = Release;
		};
		37DFAC6E27EA56FD003C4D5E /* Debug */ = {
			isa = XCBuildConfiguration;
			buildSettings = {
				ASSETCATALOG_COMPILER_APPICON_NAME = AppIcon;
				ASSETCATALOG_COMPILER_GLOBAL_ACCENT_COLOR_NAME = AccentColor;
				CODE_SIGN_STYLE = Automatic;
				CURRENT_PROJECT_VERSION = 1;
				GENERATE_INFOPLIST_FILE = YES;
				INFOPLIST_FILE = DiscountMultiVC/Info.plist;
				INFOPLIST_KEY_CFBundleDisplayName = DiscountMultiVC;
				INFOPLIST_KEY_UIApplicationSupportsIndirectInputEvents = YES;
				INFOPLIST_KEY_UILaunchStoryboardName = LaunchScreen;
				INFOPLIST_KEY_UIMainStoryboardFile = Main;
				INFOPLIST_KEY_UISupportedInterfaceOrientations_iPad = "UIInterfaceOrientationPortrait UIInterfaceOrientationPortraitUpsideDown UIInterfaceOrientationLandscapeLeft UIInterfaceOrientationLandscapeRight";
				INFOPLIST_KEY_UISupportedInterfaceOrientations_iPhone = "UIInterfaceOrientationPortrait UIInterfaceOrientationLandscapeLeft UIInterfaceOrientationLandscapeRight";
				LD_RUNPATH_SEARCH_PATHS = (
					"$(inherited)",
					"@executable_path/Frameworks",
				);
				MARKETING_VERSION = 1.0;
				PRODUCT_BUNDLE_IDENTIFIER = nwmsu.DiscountMultiVC;
				PRODUCT_NAME = "$(TARGET_NAME)";
				SWIFT_EMIT_LOC_STRINGS = YES;
				SWIFT_VERSION = 5.0;
				TARGETED_DEVICE_FAMILY = "1,2";
			};
			name = Debug;
		};
		37DFAC6F27EA56FD003C4D5E /* Release */ = {
			isa = XCBuildConfiguration;
			buildSettings = {
				ASSETCATALOG_COMPILER_APPICON_NAME = AppIcon;
				ASSETCATALOG_COMPILER_GLOBAL_ACCENT_COLOR_NAME = AccentColor;
				CODE_SIGN_STYLE = Automatic;
				CURRENT_PROJECT_VERSION = 1;
				GENERATE_INFOPLIST_FILE = YES;
				INFOPLIST_FILE = DiscountMultiVC/Info.plist;
				INFOPLIST_KEY_CFBundleDisplayName = DiscountMultiVC;
				INFOPLIST_KEY_UIApplicationSupportsIndirectInputEvents = YES;
				INFOPLIST_KEY_UILaunchStoryboardName = LaunchScreen;
				INFOPLIST_KEY_UIMainStoryboardFile = Main;
				INFOPLIST_KEY_UISupportedInterfaceOrientations_iPad = "UIInterfaceOrientationPortrait UIInterfaceOrientationPortraitUpsideDown UIInterfaceOrientationLandscapeLeft UIInterfaceOrientationLandscapeRight";
				INFOPLIST_KEY_UISupportedInterfaceOrientations_iPhone = "UIInterfaceOrientationPortrait UIInterfaceOrientationLandscapeLeft UIInterfaceOrientationLandscapeRight";
				LD_RUNPATH_SEARCH_PATHS = (
					"$(inherited)",
					"@executable_path/Frameworks",
				);
				MARKETING_VERSION = 1.0;
				PRODUCT_BUNDLE_IDENTIFIER = nwmsu.DiscountMultiVC;
				PRODUCT_NAME = "$(TARGET_NAME)";
				SWIFT_EMIT_LOC_STRINGS = YES;
				SWIFT_VERSION = 5.0;
				TARGETED_DEVICE_FAMILY = "1,2";
			};
			name = Release;
		};
		37DFAC7127EA56FD003C4D5E /* Debug */ = {
			isa = XCBuildConfiguration;
			buildSettings = {
				ALWAYS_EMBED_SWIFT_STANDARD_LIBRARIES = YES;
				BUNDLE_LOADER = "$(TEST_HOST)";
				CODE_SIGN_STYLE = Automatic;
				CURRENT_PROJECT_VERSION = 1;
				GENERATE_INFOPLIST_FILE = YES;
				IPHONEOS_DEPLOYMENT_TARGET = 15.2;
				MARKETING_VERSION = 1.0;
				PRODUCT_BUNDLE_IDENTIFIER = nwmsu.DiscountMultiVCTests;
				PRODUCT_NAME = "$(TARGET_NAME)";
				SWIFT_EMIT_LOC_STRINGS = NO;
				SWIFT_VERSION = 5.0;
				TARGETED_DEVICE_FAMILY = "1,2";
				TEST_HOST = "$(BUILT_PRODUCTS_DIR)/DiscountMultiVC.app/DiscountMultiVC";
			};
			name = Debug;
		};
		37DFAC7227EA56FD003C4D5E /* Release */ = {
			isa = XCBuildConfiguration;
			buildSettings = {
				ALWAYS_EMBED_SWIFT_STANDARD_LIBRARIES = YES;
				BUNDLE_LOADER = "$(TEST_HOST)";
				CODE_SIGN_STYLE = Automatic;
				CURRENT_PROJECT_VERSION = 1;
				GENERATE_INFOPLIST_FILE = YES;
				IPHONEOS_DEPLOYMENT_TARGET = 15.2;
				MARKETING_VERSION = 1.0;
				PRODUCT_BUNDLE_IDENTIFIER = nwmsu.DiscountMultiVCTests;
				PRODUCT_NAME = "$(TARGET_NAME)";
				SWIFT_EMIT_LOC_STRINGS = NO;
				SWIFT_VERSION = 5.0;
				TARGETED_DEVICE_FAMILY = "1,2";
				TEST_HOST = "$(BUILT_PRODUCTS_DIR)/DiscountMultiVC.app/DiscountMultiVC";
			};
			name = Release;
		};
		37DFAC7427EA56FD003C4D5E /* Debug */ = {
			isa = XCBuildConfiguration;
			buildSettings = {
				ALWAYS_EMBED_SWIFT_STANDARD_LIBRARIES = YES;
				CODE_SIGN_STYLE = Automatic;
				CURRENT_PROJECT_VERSION = 1;
				GENERATE_INFOPLIST_FILE = YES;
				MARKETING_VERSION = 1.0;
				PRODUCT_BUNDLE_IDENTIFIER = nwmsu.DiscountMultiVCUITests;
				PRODUCT_NAME = "$(TARGET_NAME)";
				SWIFT_EMIT_LOC_STRINGS = NO;
				SWIFT_VERSION = 5.0;
				TARGETED_DEVICE_FAMILY = "1,2";
				TEST_TARGET_NAME = DiscountMultiVC;
			};
			name = Debug;
		};
		37DFAC7527EA56FD003C4D5E /* Release */ = {
			isa = XCBuildConfiguration;
			buildSettings = {
				ALWAYS_EMBED_SWIFT_STANDARD_LIBRARIES = YES;
				CODE_SIGN_STYLE = Automatic;
				CURRENT_PROJECT_VERSION = 1;
				GENERATE_INFOPLIST_FILE = YES;
				MARKETING_VERSION = 1.0;
				PRODUCT_BUNDLE_IDENTIFIER = nwmsu.DiscountMultiVCUITests;
				PRODUCT_NAME = "$(TARGET_NAME)";
				SWIFT_EMIT_LOC_STRINGS = NO;
				SWIFT_VERSION = 5.0;
				TARGETED_DEVICE_FAMILY = "1,2";
				TEST_TARGET_NAME = DiscountMultiVC;
			};
			name = Release;
		};
/* End XCBuildConfiguration section */

/* Begin XCConfigurationList section */
		37DFAC3E27EA56FC003C4D5E /* Build configuration list for PBXProject "DiscountMultiVC" */ = {
			isa = XCConfigurationList;
			buildConfigurations = (
				37DFAC6B27EA56FD003C4D5E /* Debug */,
				37DFAC6C27EA56FD003C4D5E /* Release */,
			);
			defaultConfigurationIsVisible = 0;
			defaultConfigurationName = Release;
		};
		37DFAC6D27EA56FD003C4D5E /* Build configuration list for PBXNativeTarget "DiscountMultiVC" */ = {
			isa = XCConfigurationList;
			buildConfigurations = (
				37DFAC6E27EA56FD003C4D5E /* Debug */,
				37DFAC6F27EA56FD003C4D5E /* Release */,
			);
			defaultConfigurationIsVisible = 0;
			defaultConfigurationName = Release;
		};
		37DFAC7027EA56FD003C4D5E /* Build configuration list for PBXNativeTarget "DiscountMultiVCTests" */ = {
			isa = XCConfigurationList;
			buildConfigurations = (
				37DFAC7127EA56FD003C4D5E /* Debug */,
				37DFAC7227EA56FD003C4D5E /* Release */,
			);
			defaultConfigurationIsVisible = 0;
			defaultConfigurationName = Release;
		};
		37DFAC7327EA56FD003C4D5E /* Build configuration list for PBXNativeTarget "DiscountMultiVCUITests" */ = {
			isa = XCConfigurationList;
			buildConfigurations = (
				37DFAC7427EA56FD003C4D5E /* Debug */,
				37DFAC7527EA56FD003C4D5E /* Release */,
			);
			defaultConfigurationIsVisible = 0;
			defaultConfigurationName = Release;
		};
/* End XCConfigurationList section */
	};
	rootObject = 37DFAC3B27EA56FC003C4D5E /* Project object */;
}
