// !$*UTF8*$!
{
	archiveVersion = 1;
	classes = {
	};
	objectVersion = 55;
	objects = {

/* Begin PBXBuildFile section */
		3704994F27A73A8000FC2013 /* AppDelegate.swift in Sources */ = {isa = PBXBuildFile; fileRef = 3704994E27A73A8000FC2013 /* AppDelegate.swift */; };
		3704995127A73A8000FC2013 /* SceneDelegate.swift in Sources */ = {isa = PBXBuildFile; fileRef = 3704995027A73A8000FC2013 /* SceneDelegate.swift */; };
		3704995327A73A8000FC2013 /* ViewController.swift in Sources */ = {isa = PBXBuildFile; fileRef = 3704995227A73A8000FC2013 /* ViewController.swift */; };
		3704995627A73A8000FC2013 /* Main.storyboard in Resources */ = {isa = PBXBuildFile; fileRef = 3704995427A73A8000FC2013 /* Main.storyboard */; };
		3704995827A73A8200FC2013 /* Assets.xcassets in Resources */ = {isa = PBXBuildFile; fileRef = 3704995727A73A8200FC2013 /* Assets.xcassets */; };
		3704995B27A73A8200FC2013 /* LaunchScreen.storyboard in Resources */ = {isa = PBXBuildFile; fileRef = 3704995927A73A8200FC2013 /* LaunchScreen.storyboard */; };
		3704996627A73A8200FC2013 /* Punaati_FormatNameTests.swift in Sources */ = {isa = PBXBuildFile; fileRef = 3704996527A73A8200FC2013 /* Punaati_FormatNameTests.swift */; };
		3704997027A73A8200FC2013 /* Punaati_FormatNameUITests.swift in Sources */ = {isa = PBXBuildFile; fileRef = 3704996F27A73A8200FC2013 /* Punaati_FormatNameUITests.swift */; };
		3704997227A73A8200FC2013 /* Punaati_FormatNameUITestsLaunchTests.swift in Sources */ = {isa = PBXBuildFile; fileRef = 3704997127A73A8200FC2013 /* Punaati_FormatNameUITestsLaunchTests.swift */; };
/* End PBXBuildFile section */

/* Begin PBXContainerItemProxy section */
		3704996227A73A8200FC2013 /* PBXContainerItemProxy */ = {
			isa = PBXContainerItemProxy;
			containerPortal = 3704994327A73A8000FC2013 /* Project object */;
			proxyType = 1;
			remoteGlobalIDString = 3704994A27A73A8000FC2013;
			remoteInfo = Punaati_FormatName;
		};
		3704996C27A73A8200FC2013 /* PBXContainerItemProxy */ = {
			isa = PBXContainerItemProxy;
			containerPortal = 3704994327A73A8000FC2013 /* Project object */;
			proxyType = 1;
			remoteGlobalIDString = 3704994A27A73A8000FC2013;
			remoteInfo = Punaati_FormatName;
		};
/* End PBXContainerItemProxy section */

/* Begin PBXFileReference section */
		3704994B27A73A8000FC2013 /* Punaati_FormatName.app */ = {isa = PBXFileReference; explicitFileType = wrapper.application; includeInIndex = 0; path = Punaati_FormatName.app; sourceTree = BUILT_PRODUCTS_DIR; };
		3704994E27A73A8000FC2013 /* AppDelegate.swift */ = {isa = PBXFileReference; lastKnownFileType = sourcecode.swift; path = AppDelegate.swift; sourceTree = "<group>"; };
		3704995027A73A8000FC2013 /* SceneDelegate.swift */ = {isa = PBXFileReference; lastKnownFileType = sourcecode.swift; path = SceneDelegate.swift; sourceTree = "<group>"; };
		3704995227A73A8000FC2013 /* ViewController.swift */ = {isa = PBXFileReference; lastKnownFileType = sourcecode.swift; path = ViewController.swift; sourceTree = "<group>"; };
		3704995527A73A8000FC2013 /* Base */ = {isa = PBXFileReference; lastKnownFileType = file.storyboard; name = Base; path = Base.lproj/Main.storyboard; sourceTree = "<group>"; };
		3704995727A73A8200FC2013 /* Assets.xcassets */ = {isa = PBXFileReference; lastKnownFileType = folder.assetcatalog; path = Assets.xcassets; sourceTree = "<group>"; };
		3704995A27A73A8200FC2013 /* Base */ = {isa = PBXFileReference; lastKnownFileType = file.storyboard; name = Base; path = Base.lproj/LaunchScreen.storyboard; sourceTree = "<group>"; };
		3704995C27A73A8200FC2013 /* Info.plist */ = {isa = PBXFileReference; lastKnownFileType = text.plist.xml; path = Info.plist; sourceTree = "<group>"; };
		3704996127A73A8200FC2013 /* Punaati_FormatNameTests.xctest */ = {isa = PBXFileReference; explicitFileType = wrapper.cfbundle; includeInIndex = 0; path = Punaati_FormatNameTests.xctest; sourceTree = BUILT_PRODUCTS_DIR; };
		3704996527A73A8200FC2013 /* Punaati_FormatNameTests.swift */ = {isa = PBXFileReference; lastKnownFileType = sourcecode.swift; path = Punaati_FormatNameTests.swift; sourceTree = "<group>"; };
		3704996B27A73A8200FC2013 /* Punaati_FormatNameUITests.xctest */ = {isa = PBXFileReference; explicitFileType = wrapper.cfbundle; includeInIndex = 0; path = Punaati_FormatNameUITests.xctest; sourceTree = BUILT_PRODUCTS_DIR; };
		3704996F27A73A8200FC2013 /* Punaati_FormatNameUITests.swift */ = {isa = PBXFileReference; lastKnownFileType = sourcecode.swift; path = Punaati_FormatNameUITests.swift; sourceTree = "<group>"; };
		3704997127A73A8200FC2013 /* Punaati_FormatNameUITestsLaunchTests.swift */ = {isa = PBXFileReference; lastKnownFileType = sourcecode.swift; path = Punaati_FormatNameUITestsLaunchTests.swift; sourceTree = "<group>"; };
/* End PBXFileReference section */

/* Begin PBXFrameworksBuildPhase section */
		3704994827A73A8000FC2013 /* Frameworks */ = {
			isa = PBXFrameworksBuildPhase;
			buildActionMask = 2147483647;
			files = (
			);
			runOnlyForDeploymentPostprocessing = 0;
		};
		3704995E27A73A8200FC2013 /* Frameworks */ = {
			isa = PBXFrameworksBuildPhase;
			buildActionMask = 2147483647;
			files = (
			);
			runOnlyForDeploymentPostprocessing = 0;
		};
		3704996827A73A8200FC2013 /* Frameworks */ = {
			isa = PBXFrameworksBuildPhase;
			buildActionMask = 2147483647;
			files = (
			);
			runOnlyForDeploymentPostprocessing = 0;
		};
/* End PBXFrameworksBuildPhase section */

/* Begin PBXGroup section */
		3704994227A73A8000FC2013 = {
			isa = PBXGroup;
			children = (
				3704994D27A73A8000FC2013 /* Punaati_FormatName */,
				3704996427A73A8200FC2013 /* Punaati_FormatNameTests */,
				3704996E27A73A8200FC2013 /* Punaati_FormatNameUITests */,
				3704994C27A73A8000FC2013 /* Products */,
			);
			sourceTree = "<group>";
		};
		3704994C27A73A8000FC2013 /* Products */ = {
			isa = PBXGroup;
			children = (
				3704994B27A73A8000FC2013 /* Punaati_FormatName.app */,
				3704996127A73A8200FC2013 /* Punaati_FormatNameTests.xctest */,
				3704996B27A73A8200FC2013 /* Punaati_FormatNameUITests.xctest */,
			);
			name = Products;
			sourceTree = "<group>";
		};
		3704994D27A73A8000FC2013 /* Punaati_FormatName */ = {
			isa = PBXGroup;
			children = (
				3704994E27A73A8000FC2013 /* AppDelegate.swift */,
				3704995027A73A8000FC2013 /* SceneDelegate.swift */,
				3704995227A73A8000FC2013 /* ViewController.swift */,
				3704995427A73A8000FC2013 /* Main.storyboard */,
				3704995727A73A8200FC2013 /* Assets.xcassets */,
				3704995927A73A8200FC2013 /* LaunchScreen.storyboard */,
				3704995C27A73A8200FC2013 /* Info.plist */,
			);
			path = Punaati_FormatName;
			sourceTree = "<group>";
		};
		3704996427A73A8200FC2013 /* Punaati_FormatNameTests */ = {
			isa = PBXGroup;
			children = (
				3704996527A73A8200FC2013 /* Punaati_FormatNameTests.swift */,
			);
			path = Punaati_FormatNameTests;
			sourceTree = "<group>";
		};
		3704996E27A73A8200FC2013 /* Punaati_FormatNameUITests */ = {
			isa = PBXGroup;
			children = (
				3704996F27A73A8200FC2013 /* Punaati_FormatNameUITests.swift */,
				3704997127A73A8200FC2013 /* Punaati_FormatNameUITestsLaunchTests.swift */,
			);
			path = Punaati_FormatNameUITests;
			sourceTree = "<group>";
		};
/* End PBXGroup section */

/* Begin PBXNativeTarget section */
		3704994A27A73A8000FC2013 /* Punaati_FormatName */ = {
			isa = PBXNativeTarget;
			buildConfigurationList = 3704997527A73A8200FC2013 /* Build configuration list for PBXNativeTarget "Punaati_FormatName" */;
			buildPhases = (
				3704994727A73A8000FC2013 /* Sources */,
				3704994827A73A8000FC2013 /* Frameworks */,
				3704994927A73A8000FC2013 /* Resources */,
			);
			buildRules = (
			);
			dependencies = (
			);
			name = Punaati_FormatName;
			productName = Punaati_FormatName;
			productReference = 3704994B27A73A8000FC2013 /* Punaati_FormatName.app */;
			productType = "com.apple.product-type.application";
		};
		3704996027A73A8200FC2013 /* Punaati_FormatNameTests */ = {
			isa = PBXNativeTarget;
			buildConfigurationList = 3704997827A73A8200FC2013 /* Build configuration list for PBXNativeTarget "Punaati_FormatNameTests" */;
			buildPhases = (
				3704995D27A73A8200FC2013 /* Sources */,
				3704995E27A73A8200FC2013 /* Frameworks */,
				3704995F27A73A8200FC2013 /* Resources */,
			);
			buildRules = (
			);
			dependencies = (
				3704996327A73A8200FC2013 /* PBXTargetDependency */,
			);
			name = Punaati_FormatNameTests;
			productName = Punaati_FormatNameTests;
			productReference = 3704996127A73A8200FC2013 /* Punaati_FormatNameTests.xctest */;
			productType = "com.apple.product-type.bundle.unit-test";
		};
		3704996A27A73A8200FC2013 /* Punaati_FormatNameUITests */ = {
			isa = PBXNativeTarget;
			buildConfigurationList = 3704997B27A73A8200FC2013 /* Build configuration list for PBXNativeTarget "Punaati_FormatNameUITests" */;
			buildPhases = (
				3704996727A73A8200FC2013 /* Sources */,
				3704996827A73A8200FC2013 /* Frameworks */,
				3704996927A73A8200FC2013 /* Resources */,
			);
			buildRules = (
			);
			dependencies = (
				3704996D27A73A8200FC2013 /* PBXTargetDependency */,
			);
			name = Punaati_FormatNameUITests;
			productName = Punaati_FormatNameUITests;
			productReference = 3704996B27A73A8200FC2013 /* Punaati_FormatNameUITests.xctest */;
			productType = "com.apple.product-type.bundle.ui-testing";
		};
/* End PBXNativeTarget section */

/* Begin PBXProject section */
		3704994327A73A8000FC2013 /* Project object */ = {
			isa = PBXProject;
			attributes = {
				BuildIndependentTargetsInParallel = 1;
				LastSwiftUpdateCheck = 1320;
				LastUpgradeCheck = 1320;
				TargetAttributes = {
					3704994A27A73A8000FC2013 = {
						CreatedOnToolsVersion = 13.2.1;
					};
					3704996027A73A8200FC2013 = {
						CreatedOnToolsVersion = 13.2.1;
						TestTargetID = 3704994A27A73A8000FC2013;
					};
					3704996A27A73A8200FC2013 = {
						CreatedOnToolsVersion = 13.2.1;
						TestTargetID = 3704994A27A73A8000FC2013;
					};
				};
			};
			buildConfigurationList = 3704994627A73A8000FC2013 /* Build configuration list for PBXProject "Punaati_FormatName" */;
			compatibilityVersion = "Xcode 13.0";
			developmentRegion = en;
			hasScannedForEncodings = 0;
			knownRegions = (
				en,
				Base,
			);
			mainGroup = 3704994227A73A8000FC2013;
			productRefGroup = 3704994C27A73A8000FC2013 /* Products */;
			projectDirPath = "";
			projectRoot = "";
			targets = (
				3704994A27A73A8000FC2013 /* Punaati_FormatName */,
				3704996027A73A8200FC2013 /* Punaati_FormatNameTests */,
				3704996A27A73A8200FC2013 /* Punaati_FormatNameUITests */,
			);
		};
/* End PBXProject section */

/* Begin PBXResourcesBuildPhase section */
		3704994927A73A8000FC2013 /* Resources */ = {
			isa = PBXResourcesBuildPhase;
			buildActionMask = 2147483647;
			files = (
				3704995B27A73A8200FC2013 /* LaunchScreen.storyboard in Resources */,
				3704995827A73A8200FC2013 /* Assets.xcassets in Resources */,
				3704995627A73A8000FC2013 /* Main.storyboard in Resources */,
			);
			runOnlyForDeploymentPostprocessing = 0;
		};
		3704995F27A73A8200FC2013 /* Resources */ = {
			isa = PBXResourcesBuildPhase;
			buildActionMask = 2147483647;
			files = (
			);
			runOnlyForDeploymentPostprocessing = 0;
		};
		3704996927A73A8200FC2013 /* Resources */ = {
			isa = PBXResourcesBuildPhase;
			buildActionMask = 2147483647;
			files = (
			);
			runOnlyForDeploymentPostprocessing = 0;
		};
/* End PBXResourcesBuildPhase section */

/* Begin PBXSourcesBuildPhase section */
		3704994727A73A8000FC2013 /* Sources */ = {
			isa = PBXSourcesBuildPhase;
			buildActionMask = 2147483647;
			files = (
				3704995327A73A8000FC2013 /* ViewController.swift in Sources */,
				3704994F27A73A8000FC2013 /* AppDelegate.swift in Sources */,
				3704995127A73A8000FC2013 /* SceneDelegate.swift in Sources */,
			);
			runOnlyForDeploymentPostprocessing = 0;
		};
		3704995D27A73A8200FC2013 /* Sources */ = {
			isa = PBXSourcesBuildPhase;
			buildActionMask = 2147483647;
			files = (
				3704996627A73A8200FC2013 /* Punaati_FormatNameTests.swift in Sources */,
			);
			runOnlyForDeploymentPostprocessing = 0;
		};
		3704996727A73A8200FC2013 /* Sources */ = {
			isa = PBXSourcesBuildPhase;
			buildActionMask = 2147483647;
			files = (
				3704997027A73A8200FC2013 /* Punaati_FormatNameUITests.swift in Sources */,
				3704997227A73A8200FC2013 /* Punaati_FormatNameUITestsLaunchTests.swift in Sources */,
			);
			runOnlyForDeploymentPostprocessing = 0;
		};
/* End PBXSourcesBuildPhase section */

/* Begin PBXTargetDependency section */
		3704996327A73A8200FC2013 /* PBXTargetDependency */ = {
			isa = PBXTargetDependency;
			target = 3704994A27A73A8000FC2013 /* Punaati_FormatName */;
			targetProxy = 3704996227A73A8200FC2013 /* PBXContainerItemProxy */;
		};
		3704996D27A73A8200FC2013 /* PBXTargetDependency */ = {
			isa = PBXTargetDependency;
			target = 3704994A27A73A8000FC2013 /* Punaati_FormatName */;
			targetProxy = 3704996C27A73A8200FC2013 /* PBXContainerItemProxy */;
		};
/* End PBXTargetDependency section */

/* Begin PBXVariantGroup section */
		3704995427A73A8000FC2013 /* Main.storyboard */ = {
			isa = PBXVariantGroup;
			children = (
				3704995527A73A8000FC2013 /* Base */,
			);
			name = Main.storyboard;
			sourceTree = "<group>";
		};
		3704995927A73A8200FC2013 /* LaunchScreen.storyboard */ = {
			isa = PBXVariantGroup;
			children = (
				3704995A27A73A8200FC2013 /* Base */,
			);
			name = LaunchScreen.storyboard;
			sourceTree = "<group>";
		};
/* End PBXVariantGroup section */

/* Begin XCBuildConfiguration section */
		3704997327A73A8200FC2013 /* Debug */ = {
			isa = XCBuildConfiguration;
			buildSettings = {
				ALWAYS_SEARCH_USER_PATHS = NO;
				CLANG_ANALYZER_NONNULL = YES;
				CLANG_ANALYZER_NUMBER_OBJECT_CONVERSION = YES_AGGRESSIVE;
				CLANG_CXX_LANGUAGE_STANDARD = "gnu++17";
				CLANG_CXX_LIBRARY = "libc++";
				CLANG_ENABLE_MODULES = YES;
				CLANG_ENABLE_OBJC_ARC = YES;
				CLANG_ENABLE_OBJC_WEAK = YES;
				CLANG_WARN_BLOCK_CAPTURE_AUTORELEASING = YES;
				CLANG_WARN_BOOL_CONVERSION = YES;
				CLANG_WARN_COMMA = YES;
				CLANG_WARN_CONSTANT_CONVERSION = YES;
				CLANG_WARN_DEPRECATED_OBJC_IMPLEMENTATIONS = YES;
				CLANG_WARN_DIRECT_OBJC_ISA_USAGE = YES_ERROR;
				CLANG_WARN_DOCUMENTATION_COMMENTS = YES;
				CLANG_WARN_EMPTY_BODY = YES;
				CLANG_WARN_ENUM_CONVERSION = YES;
				CLANG_WARN_INFINITE_RECURSION = YES;
				CLANG_WARN_INT_CONVERSION = YES;
				CLANG_WARN_NON_LITERAL_NULL_CONVERSION = YES;
				CLANG_WARN_OBJC_IMPLICIT_RETAIN_SELF = YES;
				CLANG_WARN_OBJC_LITERAL_CONVERSION = YES;
				CLANG_WARN_OBJC_ROOT_CLASS = YES_ERROR;
				CLANG_WARN_QUOTED_INCLUDE_IN_FRAMEWORK_HEADER = YES;
				CLANG_WARN_RANGE_LOOP_ANALYSIS = YES;
				CLANG_WARN_STRICT_PROTOTYPES = YES;
				CLANG_WARN_SUSPICIOUS_MOVE = YES;
				CLANG_WARN_UNGUARDED_AVAILABILITY = YES_AGGRESSIVE;
				CLANG_WARN_UNREACHABLE_CODE = YES;
				CLANG_WARN__DUPLICATE_METHOD_MATCH = YES;
				COPY_PHASE_STRIP = NO;
				DEBUG_INFORMATION_FORMAT = dwarf;
				ENABLE_STRICT_OBJC_MSGSEND = YES;
				ENABLE_TESTABILITY = YES;
				GCC_C_LANGUAGE_STANDARD = gnu11;
				GCC_DYNAMIC_NO_PIC = NO;
				GCC_NO_COMMON_BLOCKS = YES;
				GCC_OPTIMIZATION_LEVEL = 0;
				GCC_PREPROCESSOR_DEFINITIONS = (
					"DEBUG=1",
					"$(inherited)",
				);
				GCC_WARN_64_TO_32_BIT_CONVERSION = YES;
				GCC_WARN_ABOUT_RETURN_TYPE = YES_ERROR;
				GCC_WARN_UNDECLARED_SELECTOR = YES;
				GCC_WARN_UNINITIALIZED_AUTOS = YES_AGGRESSIVE;
				GCC_WARN_UNUSED_FUNCTION = YES;
				GCC_WARN_UNUSED_VARIABLE = YES;
				IPHONEOS_DEPLOYMENT_TARGET = 15.2;
				MTL_ENABLE_DEBUG_INFO = INCLUDE_SOURCE;
				MTL_FAST_MATH = YES;
				ONLY_ACTIVE_ARCH = YES;
				SDKROOT = iphoneos;
				SWIFT_ACTIVE_COMPILATION_CONDITIONS = DEBUG;
				SWIFT_OPTIMIZATION_LEVEL = "-Onone";
			};
			name = Debug;
		};
		3704997427A73A8200FC2013 /* Release */ = {
			isa = XCBuildConfiguration;
			buildSettings = {
				ALWAYS_SEARCH_USER_PATHS = NO;
				CLANG_ANALYZER_NONNULL = YES;
				CLANG_ANALYZER_NUMBER_OBJECT_CONVERSION = YES_AGGRESSIVE;
				CLANG_CXX_LANGUAGE_STANDARD = "gnu++17";
				CLANG_CXX_LIBRARY = "libc++";
				CLANG_ENABLE_MODULES = YES;
				CLANG_ENABLE_OBJC_ARC = YES;
				CLANG_ENABLE_OBJC_WEAK = YES;
				CLANG_WARN_BLOCK_CAPTURE_AUTORELEASING = YES;
				CLANG_WARN_BOOL_CONVERSION = YES;
				CLANG_WARN_COMMA = YES;
				CLANG_WARN_CONSTANT_CONVERSION = YES;
				CLANG_WARN_DEPRECATED_OBJC_IMPLEMENTATIONS = YES;
				CLANG_WARN_DIRECT_OBJC_ISA_USAGE = YES_ERROR;
				CLANG_WARN_DOCUMENTATION_COMMENTS = YES;
				CLANG_WARN_EMPTY_BODY = YES;
				CLANG_WARN_ENUM_CONVERSION = YES;
				CLANG_WARN_INFINITE_RECURSION = YES;
				CLANG_WARN_INT_CONVERSION = YES;
				CLANG_WARN_NON_LITERAL_NULL_CONVERSION = YES;
				CLANG_WARN_OBJC_IMPLICIT_RETAIN_SELF = YES;
				CLANG_WARN_OBJC_LITERAL_CONVERSION = YES;
				CLANG_WARN_OBJC_ROOT_CLASS = YES_ERROR;
				CLANG_WARN_QUOTED_INCLUDE_IN_FRAMEWORK_HEADER = YES;
				CLANG_WARN_RANGE_LOOP_ANALYSIS = YES;
				CLANG_WARN_STRICT_PROTOTYPES = YES;
				CLANG_WARN_SUSPICIOUS_MOVE = YES;
				CLANG_WARN_UNGUARDED_AVAILABILITY = YES_AGGRESSIVE;
				CLANG_WARN_UNREACHABLE_CODE = YES;
				CLANG_WARN__DUPLICATE_METHOD_MATCH = YES;
				COPY_PHASE_STRIP = NO;
				DEBUG_INFORMATION_FORMAT = "dwarf-with-dsym";
				ENABLE_NS_ASSERTIONS = NO;
				ENABLE_STRICT_OBJC_MSGSEND = YES;
				GCC_C_LANGUAGE_STANDARD = gnu11;
				GCC_NO_COMMON_BLOCKS = YES;
				GCC_WARN_64_TO_32_BIT_CONVERSION = YES;
				GCC_WARN_ABOUT_RETURN_TYPE = YES_ERROR;
				GCC_WARN_UNDECLARED_SELECTOR = YES;
				GCC_WARN_UNINITIALIZED_AUTOS = YES_AGGRESSIVE;
				GCC_WARN_UNUSED_FUNCTION = YES;
				GCC_WARN_UNUSED_VARIABLE = YES;
				IPHONEOS_DEPLOYMENT_TARGET = 15.2;
				MTL_ENABLE_DEBUG_INFO = NO;
				MTL_FAST_MATH = YES;
				SDKROOT = iphoneos;
				SWIFT_COMPILATION_MODE = wholemodule;
				SWIFT_OPTIMIZATION_LEVEL = "-O";
				VALIDATE_PRODUCT = YES;
			};
			name = Release;
		};
		3704997627A73A8200FC2013 /* Debug */ = {
			isa = XCBuildConfiguration;
			buildSettings = {
				ASSETCATALOG_COMPILER_APPICON_NAME = AppIcon;
				ASSETCATALOG_COMPILER_GLOBAL_ACCENT_COLOR_NAME = AccentColor;
				CODE_SIGN_STYLE = Automatic;
				CURRENT_PROJECT_VERSION = 1;
				GENERATE_INFOPLIST_FILE = YES;
				INFOPLIST_FILE = Punaati_FormatName/Info.plist;
				INFOPLIST_KEY_CFBundleDisplayName = Punaati_FormatName;
				INFOPLIST_KEY_UIApplicationSupportsIndirectInputEvents = YES;
				INFOPLIST_KEY_UILaunchStoryboardName = LaunchScreen;
				INFOPLIST_KEY_UIMainStoryboardFile = Main;
				INFOPLIST_KEY_UISupportedInterfaceOrientations_iPad = "UIInterfaceOrientationPortrait UIInterfaceOrientationPortraitUpsideDown UIInterfaceOrientationLandscapeLeft UIInterfaceOrientationLandscapeRight";
				INFOPLIST_KEY_UISupportedInterfaceOrientations_iPhone = "UIInterfaceOrientationPortrait UIInterfaceOrientationLandscapeLeft UIInterfaceOrientationLandscapeRight";
				LD_RUNPATH_SEARCH_PATHS = (
					"$(inherited)",
					"@executable_path/Frameworks",
				);
				MARKETING_VERSION = 1.0;
				PRODUCT_BUNDLE_IDENTIFIER = "nwmsu.Punaati-FormatName";
				PRODUCT_NAME = "$(TARGET_NAME)";
				SWIFT_EMIT_LOC_STRINGS = YES;
				SWIFT_VERSION = 5.0;
				TARGETED_DEVICE_FAMILY = "1,2";
			};
			name = Debug;
		};
		3704997727A73A8200FC2013 /* Release */ = {
			isa = XCBuildConfiguration;
			buildSettings = {
				ASSETCATALOG_COMPILER_APPICON_NAME = AppIcon;
				ASSETCATALOG_COMPILER_GLOBAL_ACCENT_COLOR_NAME = AccentColor;
				CODE_SIGN_STYLE = Automatic;
				CURRENT_PROJECT_VERSION = 1;
				GENERATE_INFOPLIST_FILE = YES;
				INFOPLIST_FILE = Punaati_FormatName/Info.plist;
				INFOPLIST_KEY_CFBundleDisplayName = Punaati_FormatName;
				INFOPLIST_KEY_UIApplicationSupportsIndirectInputEvents = YES;
				INFOPLIST_KEY_UILaunchStoryboardName = LaunchScreen;
				INFOPLIST_KEY_UIMainStoryboardFile = Main;
				INFOPLIST_KEY_UISupportedInterfaceOrientations_iPad = "UIInterfaceOrientationPortrait UIInterfaceOrientationPortraitUpsideDown UIInterfaceOrientationLandscapeLeft UIInterfaceOrientationLandscapeRight";
				INFOPLIST_KEY_UISupportedInterfaceOrientations_iPhone = "UIInterfaceOrientationPortrait UIInterfaceOrientationLandscapeLeft UIInterfaceOrientationLandscapeRight";
				LD_RUNPATH_SEARCH_PATHS = (
					"$(inherited)",
					"@executable_path/Frameworks",
				);
				MARKETING_VERSION = 1.0;
				PRODUCT_BUNDLE_IDENTIFIER = "nwmsu.Punaati-FormatName";
				PRODUCT_NAME = "$(TARGET_NAME)";
				SWIFT_EMIT_LOC_STRINGS = YES;
				SWIFT_VERSION = 5.0;
				TARGETED_DEVICE_FAMILY = "1,2";
			};
			name = Release;
		};
		3704997927A73A8200FC2013 /* Debug */ = {
			isa = XCBuildConfiguration;
			buildSettings = {
				ALWAYS_EMBED_SWIFT_STANDARD_LIBRARIES = YES;
				BUNDLE_LOADER = "$(TEST_HOST)";
				CODE_SIGN_STYLE = Automatic;
				CURRENT_PROJECT_VERSION = 1;
				GENERATE_INFOPLIST_FILE = YES;
				IPHONEOS_DEPLOYMENT_TARGET = 15.2;
				MARKETING_VERSION = 1.0;
				PRODUCT_BUNDLE_IDENTIFIER = "nwmsu.Punaati-FormatNameTests";
				PRODUCT_NAME = "$(TARGET_NAME)";
				SWIFT_EMIT_LOC_STRINGS = NO;
				SWIFT_VERSION = 5.0;
				TARGETED_DEVICE_FAMILY = "1,2";
				TEST_HOST = "$(BUILT_PRODUCTS_DIR)/Punaati_FormatName.app/Punaati_FormatName";
			};
			name = Debug;
		};
		3704997A27A73A8200FC2013 /* Release */ = {
			isa = XCBuildConfiguration;
			buildSettings = {
				ALWAYS_EMBED_SWIFT_STANDARD_LIBRARIES = YES;
				BUNDLE_LOADER = "$(TEST_HOST)";
				CODE_SIGN_STYLE = Automatic;
				CURRENT_PROJECT_VERSION = 1;
				GENERATE_INFOPLIST_FILE = YES;
				IPHONEOS_DEPLOYMENT_TARGET = 15.2;
				MARKETING_VERSION = 1.0;
				PRODUCT_BUNDLE_IDENTIFIER = "nwmsu.Punaati-FormatNameTests";
				PRODUCT_NAME = "$(TARGET_NAME)";
				SWIFT_EMIT_LOC_STRINGS = NO;
				SWIFT_VERSION = 5.0;
				TARGETED_DEVICE_FAMILY = "1,2";
				TEST_HOST = "$(BUILT_PRODUCTS_DIR)/Punaati_FormatName.app/Punaati_FormatName";
			};
			name = Release;
		};
		3704997C27A73A8200FC2013 /* Debug */ = {
			isa = XCBuildConfiguration;
			buildSettings = {
				ALWAYS_EMBED_SWIFT_STANDARD_LIBRARIES = YES;
				CODE_SIGN_STYLE = Automatic;
				CURRENT_PROJECT_VERSION = 1;
				GENERATE_INFOPLIST_FILE = YES;
				MARKETING_VERSION = 1.0;
				PRODUCT_BUNDLE_IDENTIFIER = "nwmsu.Punaati-FormatNameUITests";
				PRODUCT_NAME = "$(TARGET_NAME)";
				SWIFT_EMIT_LOC_STRINGS = NO;
				SWIFT_VERSION = 5.0;
				TARGETED_DEVICE_FAMILY = "1,2";
				TEST_TARGET_NAME = Punaati_FormatName;
			};
			name = Debug;
		};
		3704997D27A73A8200FC2013 /* Release */ = {
			isa = XCBuildConfiguration;
			buildSettings = {
				ALWAYS_EMBED_SWIFT_STANDARD_LIBRARIES = YES;
				CODE_SIGN_STYLE = Automatic;
				CURRENT_PROJECT_VERSION = 1;
				GENERATE_INFOPLIST_FILE = YES;
				MARKETING_VERSION = 1.0;
				PRODUCT_BUNDLE_IDENTIFIER = "nwmsu.Punaati-FormatNameUITests";
				PRODUCT_NAME = "$(TARGET_NAME)";
				SWIFT_EMIT_LOC_STRINGS = NO;
				SWIFT_VERSION = 5.0;
				TARGETED_DEVICE_FAMILY = "1,2";
				TEST_TARGET_NAME = Punaati_FormatName;
			};
			name = Release;
		};
/* End XCBuildConfiguration section */

/* Begin XCConfigurationList section */
		3704994627A73A8000FC2013 /* Build configuration list for PBXProject "Punaati_FormatName" */ = {
			isa = XCConfigurationList;
			buildConfigurations = (
				3704997327A73A8200FC2013 /* Debug */,
				3704997427A73A8200FC2013 /* Release */,
			);
			defaultConfigurationIsVisible = 0;
			defaultConfigurationName = Release;
		};
		3704997527A73A8200FC2013 /* Build configuration list for PBXNativeTarget "Punaati_FormatName" */ = {
			isa = XCConfigurationList;
			buildConfigurations = (
				3704997627A73A8200FC2013 /* Debug */,
				3704997727A73A8200FC2013 /* Release */,
			);
			defaultConfigurationIsVisible = 0;
			defaultConfigurationName = Release;
		};
		3704997827A73A8200FC2013 /* Build configuration list for PBXNativeTarget "Punaati_FormatNameTests" */ = {
			isa = XCConfigurationList;
			buildConfigurations = (
				3704997927A73A8200FC2013 /* Debug */,
				3704997A27A73A8200FC2013 /* Release */,
			);
			defaultConfigurationIsVisible = 0;
			defaultConfigurationName = Release;
		};
		3704997B27A73A8200FC2013 /* Build configuration list for PBXNativeTarget "Punaati_FormatNameUITests" */ = {
			isa = XCConfigurationList;
			buildConfigurations = (
				3704997C27A73A8200FC2013 /* Debug */,
				3704997D27A73A8200FC2013 /* Release */,
			);
			defaultConfigurationIsVisible = 0;
			defaultConfigurationName = Release;
		};
/* End XCConfigurationList section */
	};
	rootObject = 3704994327A73A8000FC2013 /* Project object */;
}
